
Microsoft Visual Studio Solution File, Format Version 12.00
# Visual Studio Version 17
VisualStudioVersion = 17.9.34616.47
MinimumVisualStudioVersion = 10.0.40219.1
Project("{8BC9CEB8-8B4A-11D0-8D11-00A0C91BC942}") = "Injector", "Injector\Injector.vcxproj", "{0CCEF3AE-4794-46FC-BF62-07BD7E8D303F}"
EndProject
Project("{FAE04EC0-301F-11D3-BF4B-00C04F79EFBC}") = "LunaSharp", "LunaSharp\LunaSharp.csproj", "{3F76989A-93FF-4341-9509-42B654D0D588}"
EndProject
Project("{8BC9CEB8-8B4A-11D0-8D11-00A0C91BC942}") = "BootstrapLoader", "BootstrapLoader\BootstrapLoader.vcxproj", "{2B73B194-F0FF-42B4-85D3-3EFDAF0D4C58}"
EndProject
Project("{8BC9CEB8-8B4A-11D0-8D11-00A0C91BC942}") = "TestEnvironmentD3D9", "TestEnvironmentD3D9\TestEnvironmentD3D9.vcxproj", "{887CFAC0-6BE1-43B2-831E-BACC062CAFBB}"
EndProject
Project("{FAE04EC0-301F-11D3-BF4B-00C04F79EFBC}") = "LunaSharp.Core", "LunaSharp.Core\LunaSharp.Core.csproj", "{ECF14FA4-84F6-4E1A-820D-0F264527C4AF}"
EndProject
Global
	GlobalSection(SolutionConfigurationPlatforms) = preSolution
		Debug|Any CPU = Debug|Any CPU
		Debug|ARM = Debug|ARM
		Debug|x64 = Debug|x64
		Debug|x86 = Debug|x86
		Release|Any CPU = Release|Any CPU
		Release|ARM = Release|ARM
		Release|x64 = Release|x64
		Release|x86 = Release|x86
	EndGlobalSection
	GlobalSection(ProjectConfigurationPlatforms) = postSolution
		{0CCEF3AE-4794-46FC-BF62-07BD7E8D303F}.Debug|Any CPU.ActiveCfg = Debug|x64
		{0CCEF3AE-4794-46FC-BF62-07BD7E8D303F}.Debug|Any CPU.Build.0 = Debug|x64
		{0CCEF3AE-4794-46FC-BF62-07BD7E8D303F}.Debug|ARM.ActiveCfg = Debug|x64
		{0CCEF3AE-4794-46FC-BF62-07BD7E8D303F}.Debug|ARM.Build.0 = Debug|x64
		{0CCEF3AE-4794-46FC-BF62-07BD7E8D303F}.Debug|x64.ActiveCfg = Debug|x64
		{0CCEF3AE-4794-46FC-BF62-07BD7E8D303F}.Debug|x64.Build.0 = Debug|x64
		{0CCEF3AE-4794-46FC-BF62-07BD7E8D303F}.Debug|x86.ActiveCfg = Debug|Win32
		{0CCEF3AE-4794-46FC-BF62-07BD7E8D303F}.Debug|x86.Build.0 = Debug|Win32
		{0CCEF3AE-4794-46FC-BF62-07BD7E8D303F}.Release|Any CPU.ActiveCfg = Release|x64
		{0CCEF3AE-4794-46FC-BF62-07BD7E8D303F}.Release|Any CPU.Build.0 = Release|x64
		{0CCEF3AE-4794-46FC-BF62-07BD7E8D303F}.Release|ARM.ActiveCfg = Release|x64
		{0CCEF3AE-4794-46FC-BF62-07BD7E8D303F}.Release|ARM.Build.0 = Release|x64
		{0CCEF3AE-4794-46FC-BF62-07BD7E8D303F}.Release|x64.ActiveCfg = Release|x64
		{0CCEF3AE-4794-46FC-BF62-07BD7E8D303F}.Release|x64.Build.0 = Release|x64
		{0CCEF3AE-4794-46FC-BF62-07BD7E8D303F}.Release|x86.ActiveCfg = Release|Win32
		{0CCEF3AE-4794-46FC-BF62-07BD7E8D303F}.Release|x86.Build.0 = Release|Win32
		{3F76989A-93FF-4341-9509-42B654D0D588}.Debug|Any CPU.ActiveCfg = Debug|Any CPU
		{3F76989A-93FF-4341-9509-42B654D0D588}.Debug|Any CPU.Build.0 = Debug|Any CPU
		{3F76989A-93FF-4341-9509-42B654D0D588}.Debug|ARM.ActiveCfg = Debug|Any CPU
		{3F76989A-93FF-4341-9509-42B654D0D588}.Debug|ARM.Build.0 = Debug|Any CPU
		{3F76989A-93FF-4341-9509-42B654D0D588}.Debug|x64.ActiveCfg = Debug|Any CPU
		{3F76989A-93FF-4341-9509-42B654D0D588}.Debug|x64.Build.0 = Debug|Any CPU
		{3F76989A-93FF-4341-9509-42B654D0D588}.Debug|x86.ActiveCfg = Debug|Any CPU
		{3F76989A-93FF-4341-9509-42B654D0D588}.Debug|x86.Build.0 = Debug|Any CPU
		{3F76989A-93FF-4341-9509-42B654D0D588}.Release|Any CPU.ActiveCfg = Release|Any CPU
		{3F76989A-93FF-4341-9509-42B654D0D588}.Release|Any CPU.Build.0 = Release|Any CPU
		{3F76989A-93FF-4341-9509-42B654D0D588}.Release|ARM.ActiveCfg = Release|Any CPU
		{3F76989A-93FF-4341-9509-42B654D0D588}.Release|ARM.Build.0 = Release|Any CPU
		{3F76989A-93FF-4341-9509-42B654D0D588}.Release|x64.ActiveCfg = Release|Any CPU
		{3F76989A-93FF-4341-9509-42B654D0D588}.Release|x64.Build.0 = Release|Any CPU
		{3F76989A-93FF-4341-9509-42B654D0D588}.Release|x86.ActiveCfg = Release|Any CPU
		{3F76989A-93FF-4341-9509-42B654D0D588}.Release|x86.Build.0 = Release|Any CPU
		{2B73B194-F0FF-42B4-85D3-3EFDAF0D4C58}.Debug|Any CPU.ActiveCfg = Debug|x64
		{2B73B194-F0FF-42B4-85D3-3EFDAF0D4C58}.Debug|Any CPU.Build.0 = Debug|x64
		{2B73B194-F0FF-42B4-85D3-3EFDAF0D4C58}.Debug|ARM.ActiveCfg = Debug|x64
		{2B73B194-F0FF-42B4-85D3-3EFDAF0D4C58}.Debug|ARM.Build.0 = Debug|x64
		{2B73B194-F0FF-42B4-85D3-3EFDAF0D4C58}.Debug|x64.ActiveCfg = Debug|x64
		{2B73B194-F0FF-42B4-85D3-3EFDAF0D4C58}.Debug|x64.Build.0 = Debug|x64
		{2B73B194-F0FF-42B4-85D3-3EFDAF0D4C58}.Debug|x86.ActiveCfg = Debug|Win32
		{2B73B194-F0FF-42B4-85D3-3EFDAF0D4C58}.Debug|x86.Build.0 = Debug|Win32
		{2B73B194-F0FF-42B4-85D3-3EFDAF0D4C58}.Release|Any CPU.ActiveCfg = Release|x64
		{2B73B194-F0FF-42B4-85D3-3EFDAF0D4C58}.Release|Any CPU.Build.0 = Release|x64
		{2B73B194-F0FF-42B4-85D3-3EFDAF0D4C58}.Release|ARM.ActiveCfg = Release|x64
		{2B73B194-F0FF-42B4-85D3-3EFDAF0D4C58}.Release|ARM.Build.0 = Release|x64
		{2B73B194-F0FF-42B4-85D3-3EFDAF0D4C58}.Release|x64.ActiveCfg = Release|x64
		{2B73B194-F0FF-42B4-85D3-3EFDAF0D4C58}.Release|x64.Build.0 = Release|x64
		{2B73B194-F0FF-42B4-85D3-3EFDAF0D4C58}.Release|x86.ActiveCfg = Release|Win32
		{2B73B194-F0FF-42B4-85D3-3EFDAF0D4C58}.Release|x86.Build.0 = Release|Win32
		{887CFAC0-6BE1-43B2-831E-BACC062CAFBB}.Debug|Any CPU.ActiveCfg = Debug|x64
		{887CFAC0-6BE1-43B2-831E-BACC062CAFBB}.Debug|Any CPU.Build.0 = Debug|x64
		{887CFAC0-6BE1-43B2-831E-BACC062CAFBB}.Debug|ARM.ActiveCfg = Debug|x64
		{887CFAC0-6BE1-43B2-831E-BACC062CAFBB}.Debug|ARM.Build.0 = Debug|x64
		{887CFAC0-6BE1-43B2-831E-BACC062CAFBB}.Debug|x64.ActiveCfg = Debug|x64
		{887CFAC0-6BE1-43B2-831E-BACC062CAFBB}.Debug|x64.Build.0 = Debug|x64
		{887CFAC0-6BE1-43B2-831E-BACC062CAFBB}.Debug|x86.ActiveCfg = Debug|Win32
		{887CFAC0-6BE1-43B2-831E-BACC062CAFBB}.Debug|x86.Build.0 = Debug|Win32
		{887CFAC0-6BE1-43B2-831E-BACC062CAFBB}.Release|Any CPU.ActiveCfg = Release|x64
		{887CFAC0-6BE1-43B2-831E-BACC062CAFBB}.Release|Any CPU.Build.0 = Release|x64
		{887CFAC0-6BE1-43B2-831E-BACC062CAFBB}.Release|ARM.ActiveCfg = Release|x64
		{887CFAC0-6BE1-43B2-831E-BACC062CAFBB}.Release|ARM.Build.0 = Release|x64
		{887CFAC0-6BE1-43B2-831E-BACC062CAFBB}.Release|x64.ActiveCfg = Release|x64
		{887CFAC0-6BE1-43B2-831E-BACC062CAFBB}.Release|x64.Build.0 = Release|x64
		{887CFAC0-6BE1-43B2-831E-BACC062CAFBB}.Release|x86.ActiveCfg = Release|Win32
		{887CFAC0-6BE1-43B2-831E-BACC062CAFBB}.Release|x86.Build.0 = Release|Win32
		{ECF14FA4-84F6-4E1A-820D-0F264527C4AF}.Debug|Any CPU.ActiveCfg = Debug|Any CPU
		{ECF14FA4-84F6-4E1A-820D-0F264527C4AF}.Debug|Any CPU.Build.0 = Debug|Any CPU
		{ECF14FA4-84F6-4E1A-820D-0F264527C4AF}.Debug|ARM.ActiveCfg = Debug|Any CPU
		{ECF14FA4-84F6-4E1A-820D-0F264527C4AF}.Debug|ARM.Build.0 = Debug|Any CPU
		{ECF14FA4-84F6-4E1A-820D-0F264527C4AF}.Debug|x64.ActiveCfg = Debug|Any CPU
		{ECF14FA4-84F6-4E1A-820D-0F264527C4AF}.Debug|x64.Build.0 = Debug|Any CPU
		{ECF14FA4-84F6-4E1A-820D-0F264527C4AF}.Debug|x86.ActiveCfg = Debug|Any CPU
		{ECF14FA4-84F6-4E1A-820D-0F264527C4AF}.Debug|x86.Build.0 = Debug|Any CPU
		{ECF14FA4-84F6-4E1A-820D-0F264527C4AF}.Release|Any CPU.ActiveCfg = Release|Any CPU
		{ECF14FA4-84F6-4E1A-820D-0F264527C4AF}.Release|Any CPU.Build.0 = Release|Any CPU
		{ECF14FA4-84F6-4E1A-820D-0F264527C4AF}.Release|ARM.ActiveCfg = Release|Any CPU
		{ECF14FA4-84F6-4E1A-820D-0F264527C4AF}.Release|ARM.Build.0 = Release|Any CPU
		{ECF14FA4-84F6-4E1A-820D-0F264527C4AF}.Release|x64.ActiveCfg = Release|Any CPU
		{ECF14FA4-84F6-4E1A-820D-0F264527C4AF}.Release|x64.Build.0 = Release|Any CPU
		{ECF14FA4-84F6-4E1A-820D-0F264527C4AF}.Release|x86.ActiveCfg = Release|Any CPU
		{ECF14FA4-84F6-4E1A-820D-0F264527C4AF}.Release|x86.Build.0 = Release|Any CPU
	EndGlobalSection
	GlobalSection(SolutionProperties) = preSolution
		HideSolutionNode = FALSE
	EndGlobalSection
	GlobalSection(ExtensibilityGlobals) = postSolution
		SolutionGuid = {A4956071-6385-411A-8F83-1E20FF74F76B}
	EndGlobalSection
EndGlobal
